
Microsoft Visual Studio Solution File, Format Version 12.00
# Visual Studio Version 16
VisualStudioVersion = 16.0.31205.134
MinimumVisualStudioVersion = 10.0.40219.1
Project("{9A19103F-16F7-4668-BE54-9A1E7A4F7556}") = "TuristickaAgencija.WebAPI", "TuristickaAgencija.WebAPI\TuristickaAgencija.WebAPI.csproj", "{B790FE0F-E9F3-46BE-ACDB-EE9940387DA7}"
EndProject
Project("{9A19103F-16F7-4668-BE54-9A1E7A4F7556}") = "TuristickaAgencija.Model", "TuristickaAgencija.Model\TuristickaAgencija.Model.csproj", "{7205C828-E6E9-4469-8BF8-0FBE10D9A769}"
EndProject
Project("{9A19103F-16F7-4668-BE54-9A1E7A4F7556}") = "TuristickaAgencija.WinUI", "TuristickaAgencija.WinUI\TuristickaAgencija.WinUI.csproj", "{1E7B7A22-14BF-492C-A4D3-F4CBD2F3272D}"
EndProject
Global
	GlobalSection(SolutionConfigurationPlatforms) = preSolution
		Debug|Any CPU = Debug|Any CPU
		Debug|ARM = Debug|ARM
		Debug|iPhone = Debug|iPhone
		Debug|iPhoneSimulator = Debug|iPhoneSimulator
		Debug|x64 = Debug|x64
		Debug|x86 = Debug|x86
		Release|Any CPU = Release|Any CPU
		Release|ARM = Release|ARM
		Release|iPhone = Release|iPhone
		Release|iPhoneSimulator = Release|iPhoneSimulator
		Release|x64 = Release|x64
		Release|x86 = Release|x86
	EndGlobalSection
	GlobalSection(ProjectConfigurationPlatforms) = postSolution
		{B790FE0F-E9F3-46BE-ACDB-EE9940387DA7}.Debug|Any CPU.ActiveCfg = Debug|Any CPU
		{B790FE0F-E9F3-46BE-ACDB-EE9940387DA7}.Debug|Any CPU.Build.0 = Debug|Any CPU
		{B790FE0F-E9F3-46BE-ACDB-EE9940387DA7}.Debug|ARM.ActiveCfg = Debug|Any CPU
		{B790FE0F-E9F3-46BE-ACDB-EE9940387DA7}.Debug|ARM.Build.0 = Debug|Any CPU
		{B790FE0F-E9F3-46BE-ACDB-EE9940387DA7}.Debug|iPhone.ActiveCfg = Debug|Any CPU
		{B790FE0F-E9F3-46BE-ACDB-EE9940387DA7}.Debug|iPhone.Build.0 = Debug|Any CPU
		{B790FE0F-E9F3-46BE-ACDB-EE9940387DA7}.Debug|iPhoneSimulator.ActiveCfg = Debug|Any CPU
		{B790FE0F-E9F3-46BE-ACDB-EE9940387DA7}.Debug|iPhoneSimulator.Build.0 = Debug|Any CPU
		{B790FE0F-E9F3-46BE-ACDB-EE9940387DA7}.Debug|x64.ActiveCfg = Debug|Any CPU
		{B790FE0F-E9F3-46BE-ACDB-EE9940387DA7}.Debug|x64.Build.0 = Debug|Any CPU
		{B790FE0F-E9F3-46BE-ACDB-EE9940387DA7}.Debug|x86.ActiveCfg = Debug|Any CPU
		{B790FE0F-E9F3-46BE-ACDB-EE9940387DA7}.Debug|x86.Build.0 = Debug|Any CPU
		{B790FE0F-E9F3-46BE-ACDB-EE9940387DA7}.Release|Any CPU.ActiveCfg = Release|Any CPU
		{B790FE0F-E9F3-46BE-ACDB-EE9940387DA7}.Release|Any CPU.Build.0 = Release|Any CPU
		{B790FE0F-E9F3-46BE-ACDB-EE9940387DA7}.Release|ARM.ActiveCfg = Release|Any CPU
		{B790FE0F-E9F3-46BE-ACDB-EE9940387DA7}.Release|ARM.Build.0 = Release|Any CPU
		{B790FE0F-E9F3-46BE-ACDB-EE9940387DA7}.Release|iPhone.ActiveCfg = Release|Any CPU
		{B790FE0F-E9F3-46BE-ACDB-EE9940387DA7}.Release|iPhone.Build.0 = Release|Any CPU
		{B790FE0F-E9F3-46BE-ACDB-EE9940387DA7}.Release|iPhoneSimulator.ActiveCfg = Release|Any CPU
		{B790FE0F-E9F3-46BE-ACDB-EE9940387DA7}.Release|iPhoneSimulator.Build.0 = Release|Any CPU
		{B790FE0F-E9F3-46BE-ACDB-EE9940387DA7}.Release|x64.ActiveCfg = Release|Any CPU
		{B790FE0F-E9F3-46BE-ACDB-EE9940387DA7}.Release|x64.Build.0 = Release|Any CPU
		{B790FE0F-E9F3-46BE-ACDB-EE9940387DA7}.Release|x86.ActiveCfg = Release|Any CPU
		{B790FE0F-E9F3-46BE-ACDB-EE9940387DA7}.Release|x86.Build.0 = Release|Any CPU
		{7205C828-E6E9-4469-8BF8-0FBE10D9A769}.Debug|Any CPU.ActiveCfg = Debug|Any CPU
		{7205C828-E6E9-4469-8BF8-0FBE10D9A769}.Debug|Any CPU.Build.0 = Debug|Any CPU
		{7205C828-E6E9-4469-8BF8-0FBE10D9A769}.Debug|ARM.ActiveCfg = Debug|Any CPU
		{7205C828-E6E9-4469-8BF8-0FBE10D9A769}.Debug|ARM.Build.0 = Debug|Any CPU
		{7205C828-E6E9-4469-8BF8-0FBE10D9A769}.Debug|iPhone.ActiveCfg = Debug|Any CPU
		{7205C828-E6E9-4469-8BF8-0FBE10D9A769}.Debug|iPhone.Build.0 = Debug|Any CPU
		{7205C828-E6E9-4469-8BF8-0FBE10D9A769}.Debug|iPhoneSimulator.ActiveCfg = Debug|Any CPU
		{7205C828-E6E9-4469-8BF8-0FBE10D9A769}.Debug|iPhoneSimulator.Build.0 = Debug|Any CPU
		{7205C828-E6E9-4469-8BF8-0FBE10D9A769}.Debug|x64.ActiveCfg = Debug|Any CPU
		{7205C828-E6E9-4469-8BF8-0FBE10D9A769}.Debug|x64.Build.0 = Debug|Any CPU
		{7205C828-E6E9-4469-8BF8-0FBE10D9A769}.Debug|x86.ActiveCfg = Debug|Any CPU
		{7205C828-E6E9-4469-8BF8-0FBE10D9A769}.Debug|x86.Build.0 = Debug|Any CPU
		{7205C828-E6E9-4469-8BF8-0FBE10D9A769}.Release|Any CPU.ActiveCfg = Release|Any CPU
		{7205C828-E6E9-4469-8BF8-0FBE10D9A769}.Release|Any CPU.Build.0 = Release|Any CPU
		{7205C828-E6E9-4469-8BF8-0FBE10D9A769}.Release|ARM.ActiveCfg = Release|Any CPU
		{7205C828-E6E9-4469-8BF8-0FBE10D9A769}.Release|ARM.Build.0 = Release|Any CPU
		{7205C828-E6E9-4469-8BF8-0FBE10D9A769}.Release|iPhone.ActiveCfg = Release|Any CPU
		{7205C828-E6E9-4469-8BF8-0FBE10D9A769}.Release|iPhone.Build.0 = Release|Any CPU
		{7205C828-E6E9-4469-8BF8-0FBE10D9A769}.Release|iPhoneSimulator.ActiveCfg = Release|Any CPU
		{7205C828-E6E9-4469-8BF8-0FBE10D9A769}.Release|iPhoneSimulator.Build.0 = Release|Any CPU
		{7205C828-E6E9-4469-8BF8-0FBE10D9A769}.Release|x64.ActiveCfg = Release|Any CPU
		{7205C828-E6E9-4469-8BF8-0FBE10D9A769}.Release|x64.Build.0 = Release|Any CPU
		{7205C828-E6E9-4469-8BF8-0FBE10D9A769}.Release|x86.ActiveCfg = Release|Any CPU
		{7205C828-E6E9-4469-8BF8-0FBE10D9A769}.Release|x86.Build.0 = Release|Any CPU
		{1E7B7A22-14BF-492C-A4D3-F4CBD2F3272D}.Debug|Any CPU.ActiveCfg = Debug|Any CPU
		{1E7B7A22-14BF-492C-A4D3-F4CBD2F3272D}.Debug|Any CPU.Build.0 = Debug|Any CPU
		{1E7B7A22-14BF-492C-A4D3-F4CBD2F3272D}.Debug|ARM.ActiveCfg = Debug|Any CPU
		{1E7B7A22-14BF-492C-A4D3-F4CBD2F3272D}.Debug|ARM.Build.0 = Debug|Any CPU
		{1E7B7A22-14BF-492C-A4D3-F4CBD2F3272D}.Debug|iPhone.ActiveCfg = Debug|Any CPU
		{1E7B7A22-14BF-492C-A4D3-F4CBD2F3272D}.Debug|iPhone.Build.0 = Debug|Any CPU
		{1E7B7A22-14BF-492C-A4D3-F4CBD2F3272D}.Debug|iPhoneSimulator.ActiveCfg = Debug|Any CPU
		{1E7B7A22-14BF-492C-A4D3-F4CBD2F3272D}.Debug|iPhoneSimulator.Build.0 = Debug|Any CPU
		{1E7B7A22-14BF-492C-A4D3-F4CBD2F3272D}.Debug|x64.ActiveCfg = Debug|Any CPU
		{1E7B7A22-14BF-492C-A4D3-F4CBD2F3272D}.Debug|x64.Build.0 = Debug|Any CPU
		{1E7B7A22-14BF-492C-A4D3-F4CBD2F3272D}.Debug|x86.ActiveCfg = Debug|Any CPU
		{1E7B7A22-14BF-492C-A4D3-F4CBD2F3272D}.Debug|x86.Build.0 = Debug|Any CPU
		{1E7B7A22-14BF-492C-A4D3-F4CBD2F3272D}.Release|Any CPU.ActiveCfg = Release|Any CPU
		{1E7B7A22-14BF-492C-A4D3-F4CBD2F3272D}.Release|Any CPU.Build.0 = Release|Any CPU
		{1E7B7A22-14BF-492C-A4D3-F4CBD2F3272D}.Release|ARM.ActiveCfg = Release|Any CPU
		{1E7B7A22-14BF-492C-A4D3-F4CBD2F3272D}.Release|ARM.Build.0 = Release|Any CPU
		{1E7B7A22-14BF-492C-A4D3-F4CBD2F3272D}.Release|iPhone.ActiveCfg = Release|Any CPU
		{1E7B7A22-14BF-492C-A4D3-F4CBD2F3272D}.Release|iPhone.Build.0 = Release|Any CPU
		{1E7B7A22-14BF-492C-A4D3-F4CBD2F3272D}.Release|iPhoneSimulator.ActiveCfg = Release|Any CPU
		{1E7B7A22-14BF-492C-A4D3-F4CBD2F3272D}.Release|iPhoneSimulator.Build.0 = Release|Any CPU
		{1E7B7A22-14BF-492C-A4D3-F4CBD2F3272D}.Release|x64.ActiveCfg = Release|Any CPU
		{1E7B7A22-14BF-492C-A4D3-F4CBD2F3272D}.Release|x64.Build.0 = Release|Any CPU
		{1E7B7A22-14BF-492C-A4D3-F4CBD2F3272D}.Release|x86.ActiveCfg = Release|Any CPU
		{1E7B7A22-14BF-492C-A4D3-F4CBD2F3272D}.Release|x86.Build.0 = Release|Any CPU
	EndGlobalSection
	GlobalSection(SolutionProperties) = preSolution
		HideSolutionNode = FALSE
	EndGlobalSection
	GlobalSection(ExtensibilityGlobals) = postSolution
		SolutionGuid = {C5BEAF03-52CE-4E3B-A6C6-F0FF9AC3FBA6}
	EndGlobalSection
EndGlobal
